
Microsoft Visual Studio Solution File, Format Version 12.00
# Visual Studio Version 16
VisualStudioVersion = 16.0.32428.217
MinimumVisualStudioVersion = 10.0.40219.1
Project("{FAE04EC0-301F-11D3-BF4B-00C04F79EFBC}") = "Notepad.Android", "Notepad\Notepad.Android\Notepad.Android.csproj", "{8083E8ED-DD5A-4CF6-9089-304502B3DD36}"
EndProject
Project("{FAE04EC0-301F-11D3-BF4B-00C04F79EFBC}") = "Notepad", "Notepad\Notepad\Notepad.csproj", "{E18EFE5B-F211-4704-A8D9-C0DB2E3F0B59}"
EndProject
Global
	GlobalSection(SolutionConfigurationPlatforms) = preSolution
		Debug|Any CPU = Debug|Any CPU
		Release|Any CPU = Release|Any CPU
	EndGlobalSection
	GlobalSection(ProjectConfigurationPlatforms) = postSolution
		{8083E8ED-DD5A-4CF6-9089-304502B3DD36}.Debug|Any CPU.ActiveCfg = Debug|Any CPU
		{8083E8ED-DD5A-4CF6-9089-304502B3DD36}.Debug|Any CPU.Build.0 = Debug|Any CPU
		{8083E8ED-DD5A-4CF6-9089-304502B3DD36}.Debug|Any CPU.Deploy.0 = Debug|Any CPU
		{8083E8ED-DD5A-4CF6-9089-304502B3DD36}.Release|Any CPU.ActiveCfg = Release|Any CPU
		{8083E8ED-DD5A-4CF6-9089-304502B3DD36}.Release|Any CPU.Build.0 = Release|Any CPU
		{8083E8ED-DD5A-4CF6-9089-304502B3DD36}.Release|Any CPU.Deploy.0 = Release|Any CPU
		{E18EFE5B-F211-4704-A8D9-C0DB2E3F0B59}.Debug|Any CPU.ActiveCfg = Debug|Any CPU
		{E18EFE5B-F211-4704-A8D9-C0DB2E3F0B59}.Debug|Any CPU.Build.0 = Debug|Any CPU
		{E18EFE5B-F211-4704-A8D9-C0DB2E3F0B59}.Debug|Any CPU.Deploy.0 = Debug|Any CPU
		{E18EFE5B-F211-4704-A8D9-C0DB2E3F0B59}.Release|Any CPU.ActiveCfg = Release|Any CPU
		{E18EFE5B-F211-4704-A8D9-C0DB2E3F0B59}.Release|Any CPU.Build.0 = Release|Any CPU
		{E18EFE5B-F211-4704-A8D9-C0DB2E3F0B59}.Release|Any CPU.Deploy.0 = Release|Any CPU
	EndGlobalSection
	GlobalSection(SolutionProperties) = preSolution
		HideSolutionNode = FALSE
	EndGlobalSection
	GlobalSection(ExtensibilityGlobals) = postSolution
		SolutionGuid = {7F1B4FDF-E436-48AC-B001-8D945E13D53E}
	EndGlobalSection
EndGlobal
